
Microsoft Visual Studio Solution File, Format Version 12.00
# Visual Studio Version 17
VisualStudioVersion = 17.0.31903.59
MinimumVisualStudioVersion = 10.0.40219.1
Project("{FAE04EC0-301F-11D3-BF4B-00C04F79EFBC}") = "PortfolioHub.Web", "PortfolioHub.Web\PortfolioHub.Web.csproj", "{CAEFCDA3-9B90-43F7-8370-161A883B0B37}"
EndProject
Project("{FAE04EC0-301F-11D3-BF4B-00C04F79EFBC}") = "PortfolioHub.Users", "PortfolioHub.Users\PortfolioHub.Users.csproj", "{C37BC2E1-DA45-4A7D-BC7D-B1368293B85B}"
EndProject
Project("{2150E333-8FDC-42A3-9474-1A3956D46DE8}") = "Solution Items", "Solution Items", "{8EC462FD-D22E-90A8-E5CE-7E832BA40C5D}"
	ProjectSection(SolutionItems) = preProject
		Makefile = Makefile
	EndProjectSection
EndProject
Project("{FAE04EC0-301F-11D3-BF4B-00C04F79EFBC}") = "PortfolioHub.Projects", "PortfolioHub.Projects\PortfolioHub.Projects.csproj", "{A3E36117-238F-4966-833B-323574982D6F}"
EndProject
Project("{FAE04EC0-301F-11D3-BF4B-00C04F79EFBC}") = "PortfolioHub.SharedKernal", "PortfolioHub.SharedKernal\PortfolioHub.SharedKernal.csproj", "{A434AF85-F86B-44E9-9C04-4E8190D3821C}"
EndProject
Project("{FAE04EC0-301F-11D3-BF4B-00C04F79EFBC}") = "PortfolioHub.Notification", "PortfolioHub.Notification\PortfolioHub.Notification.csproj", "{B828BA89-CF05-4F2E-B11B-5FEBB181EF97}"
EndProject
Project("{FAE04EC0-301F-11D3-BF4B-00C04F79EFBC}") = "PortfolioHub.Achievements", "PortfolioHub.Achievements\PortfolioHub.Achievements.csproj", "{2FFB5D60-1094-453E-8A33-FA930BF971F7}"
EndProject
Project("{2150E333-8FDC-42A3-9474-1A3956D46DE8}") = "Dockerfile", "Dockerfile", "{02EA681E-C7D8-13C7-8484-4AC65E1B71E8}"
	ProjectSection(SolutionItems) = preProject
		Dockerfile.dev = Dockerfile.dev
		Dockerfile.pre = Dockerfile.pre
		Dockerfile.prod = Dockerfile.prod
	EndProjectSection
EndProject
Project("{2150E333-8FDC-42A3-9474-1A3956D46DE8}") = "docker-compose", "docker-compose", "{4E07B891-0C37-4CA6-9487-F764BC2C265C}"
	ProjectSection(SolutionItems) = preProject
		.env.dev = .env.dev
		.env.pre = .env.pre
		.env.prod = .env.prod
		docker-compose.dev.yml = docker-compose.dev.yml
		docker-compose.pre.yml = docker-compose.pre.yml
		docker-compose.prod.yml = docker-compose.prod.yml
		docker-compose.yml = docker-compose.yml
		nginx\nginx_temp.conf = nginx\nginx_temp.conf
	EndProjectSection
EndProject
Project("{2150E333-8FDC-42A3-9474-1A3956D46DE8}") = "nginx", "nginx", "{CDFBB33F-4312-4F95-BD44-AA99FBF92ADA}"
	ProjectSection(SolutionItems) = preProject
		nginx\nginx.dev.conf = nginx\nginx.dev.conf
		nginx\nginx.pre.conf = nginx\nginx.pre.conf
		nginx\nginx.prod.conf = nginx\nginx.prod.conf
	EndProjectSection
EndProject
Global
	GlobalSection(SolutionConfigurationPlatforms) = preSolution
		Debug|Any CPU = Debug|Any CPU
		Debug|x64 = Debug|x64
		Debug|x86 = Debug|x86
		Release|Any CPU = Release|Any CPU
		Release|x64 = Release|x64
		Release|x86 = Release|x86
	EndGlobalSection
	GlobalSection(ProjectConfigurationPlatforms) = postSolution
		{CAEFCDA3-9B90-43F7-8370-161A883B0B37}.Debug|Any CPU.ActiveCfg = Debug|Any CPU
		{CAEFCDA3-9B90-43F7-8370-161A883B0B37}.Debug|Any CPU.Build.0 = Debug|Any CPU
		{CAEFCDA3-9B90-43F7-8370-161A883B0B37}.Debug|x64.ActiveCfg = Debug|Any CPU
		{CAEFCDA3-9B90-43F7-8370-161A883B0B37}.Debug|x64.Build.0 = Debug|Any CPU
		{CAEFCDA3-9B90-43F7-8370-161A883B0B37}.Debug|x86.ActiveCfg = Debug|Any CPU
		{CAEFCDA3-9B90-43F7-8370-161A883B0B37}.Debug|x86.Build.0 = Debug|Any CPU
		{CAEFCDA3-9B90-43F7-8370-161A883B0B37}.Release|Any CPU.ActiveCfg = Release|Any CPU
		{CAEFCDA3-9B90-43F7-8370-161A883B0B37}.Release|Any CPU.Build.0 = Release|Any CPU
		{CAEFCDA3-9B90-43F7-8370-161A883B0B37}.Release|x64.ActiveCfg = Release|Any CPU
		{CAEFCDA3-9B90-43F7-8370-161A883B0B37}.Release|x64.Build.0 = Release|Any CPU
		{CAEFCDA3-9B90-43F7-8370-161A883B0B37}.Release|x86.ActiveCfg = Release|Any CPU
		{CAEFCDA3-9B90-43F7-8370-161A883B0B37}.Release|x86.Build.0 = Release|Any CPU
		{C37BC2E1-DA45-4A7D-BC7D-B1368293B85B}.Debug|Any CPU.ActiveCfg = Debug|Any CPU
		{C37BC2E1-DA45-4A7D-BC7D-B1368293B85B}.Debug|Any CPU.Build.0 = Debug|Any CPU
		{C37BC2E1-DA45-4A7D-BC7D-B1368293B85B}.Debug|x64.ActiveCfg = Debug|Any CPU
		{C37BC2E1-DA45-4A7D-BC7D-B1368293B85B}.Debug|x64.Build.0 = Debug|Any CPU
		{C37BC2E1-DA45-4A7D-BC7D-B1368293B85B}.Debug|x86.ActiveCfg = Debug|Any CPU
		{C37BC2E1-DA45-4A7D-BC7D-B1368293B85B}.Debug|x86.Build.0 = Debug|Any CPU
		{C37BC2E1-DA45-4A7D-BC7D-B1368293B85B}.Release|Any CPU.ActiveCfg = Release|Any CPU
		{C37BC2E1-DA45-4A7D-BC7D-B1368293B85B}.Release|Any CPU.Build.0 = Release|Any CPU
		{C37BC2E1-DA45-4A7D-BC7D-B1368293B85B}.Release|x64.ActiveCfg = Release|Any CPU
		{C37BC2E1-DA45-4A7D-BC7D-B1368293B85B}.Release|x64.Build.0 = Release|Any CPU
		{C37BC2E1-DA45-4A7D-BC7D-B1368293B85B}.Release|x86.ActiveCfg = Release|Any CPU
		{C37BC2E1-DA45-4A7D-BC7D-B1368293B85B}.Release|x86.Build.0 = Release|Any CPU
		{A3E36117-238F-4966-833B-323574982D6F}.Debug|Any CPU.ActiveCfg = Debug|Any CPU
		{A3E36117-238F-4966-833B-323574982D6F}.Debug|Any CPU.Build.0 = Debug|Any CPU
		{A3E36117-238F-4966-833B-323574982D6F}.Debug|x64.ActiveCfg = Debug|Any CPU
		{A3E36117-238F-4966-833B-323574982D6F}.Debug|x64.Build.0 = Debug|Any CPU
		{A3E36117-238F-4966-833B-323574982D6F}.Debug|x86.ActiveCfg = Debug|Any CPU
		{A3E36117-238F-4966-833B-323574982D6F}.Debug|x86.Build.0 = Debug|Any CPU
		{A3E36117-238F-4966-833B-323574982D6F}.Release|Any CPU.ActiveCfg = Release|Any CPU
		{A3E36117-238F-4966-833B-323574982D6F}.Release|Any CPU.Build.0 = Release|Any CPU
		{A3E36117-238F-4966-833B-323574982D6F}.Release|x64.ActiveCfg = Release|Any CPU
		{A3E36117-238F-4966-833B-323574982D6F}.Release|x64.Build.0 = Release|Any CPU
		{A3E36117-238F-4966-833B-323574982D6F}.Release|x86.ActiveCfg = Release|Any CPU
		{A3E36117-238F-4966-833B-323574982D6F}.Release|x86.Build.0 = Release|Any CPU
		{A434AF85-F86B-44E9-9C04-4E8190D3821C}.Debug|Any CPU.ActiveCfg = Debug|Any CPU
		{A434AF85-F86B-44E9-9C04-4E8190D3821C}.Debug|Any CPU.Build.0 = Debug|Any CPU
		{A434AF85-F86B-44E9-9C04-4E8190D3821C}.Debug|x64.ActiveCfg = Debug|Any CPU
		{A434AF85-F86B-44E9-9C04-4E8190D3821C}.Debug|x64.Build.0 = Debug|Any CPU
		{A434AF85-F86B-44E9-9C04-4E8190D3821C}.Debug|x86.ActiveCfg = Debug|Any CPU
		{A434AF85-F86B-44E9-9C04-4E8190D3821C}.Debug|x86.Build.0 = Debug|Any CPU
		{A434AF85-F86B-44E9-9C04-4E8190D3821C}.Release|Any CPU.ActiveCfg = Release|Any CPU
		{A434AF85-F86B-44E9-9C04-4E8190D3821C}.Release|Any CPU.Build.0 = Release|Any CPU
		{A434AF85-F86B-44E9-9C04-4E8190D3821C}.Release|x64.ActiveCfg = Release|Any CPU
		{A434AF85-F86B-44E9-9C04-4E8190D3821C}.Release|x64.Build.0 = Release|Any CPU
		{A434AF85-F86B-44E9-9C04-4E8190D3821C}.Release|x86.ActiveCfg = Release|Any CPU
		{A434AF85-F86B-44E9-9C04-4E8190D3821C}.Release|x86.Build.0 = Release|Any CPU
		{B828BA89-CF05-4F2E-B11B-5FEBB181EF97}.Debug|Any CPU.ActiveCfg = Debug|Any CPU
		{B828BA89-CF05-4F2E-B11B-5FEBB181EF97}.Debug|Any CPU.Build.0 = Debug|Any CPU
		{B828BA89-CF05-4F2E-B11B-5FEBB181EF97}.Debug|x64.ActiveCfg = Debug|Any CPU
		{B828BA89-CF05-4F2E-B11B-5FEBB181EF97}.Debug|x64.Build.0 = Debug|Any CPU
		{B828BA89-CF05-4F2E-B11B-5FEBB181EF97}.Debug|x86.ActiveCfg = Debug|Any CPU
		{B828BA89-CF05-4F2E-B11B-5FEBB181EF97}.Debug|x86.Build.0 = Debug|Any CPU
		{B828BA89-CF05-4F2E-B11B-5FEBB181EF97}.Release|Any CPU.ActiveCfg = Release|Any CPU
		{B828BA89-CF05-4F2E-B11B-5FEBB181EF97}.Release|Any CPU.Build.0 = Release|Any CPU
		{B828BA89-CF05-4F2E-B11B-5FEBB181EF97}.Release|x64.ActiveCfg = Release|Any CPU
		{B828BA89-CF05-4F2E-B11B-5FEBB181EF97}.Release|x64.Build.0 = Release|Any CPU
		{B828BA89-CF05-4F2E-B11B-5FEBB181EF97}.Release|x86.ActiveCfg = Release|Any CPU
		{B828BA89-CF05-4F2E-B11B-5FEBB181EF97}.Release|x86.Build.0 = Release|Any CPU
		{2FFB5D60-1094-453E-8A33-FA930BF971F7}.Debug|Any CPU.ActiveCfg = Debug|Any CPU
		{2FFB5D60-1094-453E-8A33-FA930BF971F7}.Debug|Any CPU.Build.0 = Debug|Any CPU
		{2FFB5D60-1094-453E-8A33-FA930BF971F7}.Debug|x64.ActiveCfg = Debug|Any CPU
		{2FFB5D60-1094-453E-8A33-FA930BF971F7}.Debug|x64.Build.0 = Debug|Any CPU
		{2FFB5D60-1094-453E-8A33-FA930BF971F7}.Debug|x86.ActiveCfg = Debug|Any CPU
		{2FFB5D60-1094-453E-8A33-FA930BF971F7}.Debug|x86.Build.0 = Debug|Any CPU
		{2FFB5D60-1094-453E-8A33-FA930BF971F7}.Release|Any CPU.ActiveCfg = Release|Any CPU
		{2FFB5D60-1094-453E-8A33-FA930BF971F7}.Release|Any CPU.Build.0 = Release|Any CPU
		{2FFB5D60-1094-453E-8A33-FA930BF971F7}.Release|x64.ActiveCfg = Release|Any CPU
		{2FFB5D60-1094-453E-8A33-FA930BF971F7}.Release|x64.Build.0 = Release|Any CPU
		{2FFB5D60-1094-453E-8A33-FA930BF971F7}.Release|x86.ActiveCfg = Release|Any CPU
		{2FFB5D60-1094-453E-8A33-FA930BF971F7}.Release|x86.Build.0 = Release|Any CPU
	EndGlobalSection
	GlobalSection(SolutionProperties) = preSolution
		HideSolutionNode = FALSE
	EndGlobalSection
	GlobalSection(NestedProjects) = preSolution
		{02EA681E-C7D8-13C7-8484-4AC65E1B71E8} = {8EC462FD-D22E-90A8-E5CE-7E832BA40C5D}
		{4E07B891-0C37-4CA6-9487-F764BC2C265C} = {8EC462FD-D22E-90A8-E5CE-7E832BA40C5D}
		{CDFBB33F-4312-4F95-BD44-AA99FBF92ADA} = {8EC462FD-D22E-90A8-E5CE-7E832BA40C5D}
	EndGlobalSection
	GlobalSection(ExtensibilityGlobals) = postSolution
		SolutionGuid = {B07D3FE7-61EC-432E-99E5-63E19F4602B5}
	EndGlobalSection
EndGlobal
